
Microsoft Visual Studio Solution File, Format Version 12.00
# Visual Studio Version 16
VisualStudioVersion = 16.0.31624.102
MinimumVisualStudioVersion = 10.0.40219.1
Project("{FAE04EC0-301F-11D3-BF4B-00C04F79EFBC}") = "TESTBNI", "TESTBNI\TESTBNI.csproj", "{33050731-C74F-44FB-89C7-B3C2895CD464}"
EndProject
Global
	GlobalSection(SolutionConfigurationPlatforms) = preSolution
		Debug|Any CPU = Debug|Any CPU
		Release|Any CPU = Release|Any CPU
	EndGlobalSection
	GlobalSection(ProjectConfigurationPlatforms) = postSolution
		{33050731-C74F-44FB-89C7-B3C2895CD464}.Debug|Any CPU.ActiveCfg = Debug|Any CPU
		{33050731-C74F-44FB-89C7-B3C2895CD464}.Debug|Any CPU.Build.0 = Debug|Any CPU
		{33050731-C74F-44FB-89C7-B3C2895CD464}.Release|Any CPU.ActiveCfg = Release|Any CPU
		{33050731-C74F-44FB-89C7-B3C2895CD464}.Release|Any CPU.Build.0 = Release|Any CPU
	EndGlobalSection
	GlobalSection(SolutionProperties) = preSolution
		HideSolutionNode = FALSE
	EndGlobalSection
	GlobalSection(ExtensibilityGlobals) = postSolution
		SolutionGuid = {1B60A698-778B-45BE-810F-FBF231278AB6}
	EndGlobalSection
EndGlobal
